// !$*UTF8*$!
{
	archiveVersion = 1;
	classes = {
	};
	objectVersion = 46;
	objects = {

/* Begin PBXBuildFile section */
		452E56051E260CE300B632AB /* user.png in Resources */ = {isa = PBXBuildFile; fileRef = 452E56041E260CE300B632AB /* user.png */; };
		452E56071E260D0000B632AB /* defaultphoto.png in Resources */ = {isa = PBXBuildFile; fileRef = 452E56061E260D0000B632AB /* defaultphoto.png */; };
		453CE0C81E29388F00B2CA0B /* cargoViewController.swift in Sources */ = {isa = PBXBuildFile; fileRef = 453CE0C71E29388F00B2CA0B /* cargoViewController.swift */; };
		45A9DF741E23CDF80043A95F /* usrIcon.png in Resources */ = {isa = PBXBuildFile; fileRef = 45A9DF731E23CDF80043A95F /* usrIcon.png */; };
		45F091F11E24BE22006A8414 /* CarViewController.swift in Sources */ = {isa = PBXBuildFile; fileRef = 45F091F01E24BE22006A8414 /* CarViewController.swift */; };
		45F091F71E24E89F006A8414 /* Car1.png in Resources */ = {isa = PBXBuildFile; fileRef = 45F091F41E24E89F006A8414 /* Car1.png */; };
		45F091F81E24E89F006A8414 /* Car2.png in Resources */ = {isa = PBXBuildFile; fileRef = 45F091F51E24E89F006A8414 /* Car2.png */; };
		45F091F91E24E89F006A8414 /* Car3.png in Resources */ = {isa = PBXBuildFile; fileRef = 45F091F61E24E89F006A8414 /* Car3.png */; };
		732C26A71E1656D100B7D2C9 /* SearchPageView.swift in Sources */ = {isa = PBXBuildFile; fileRef = 732C26A61E1656D100B7D2C9 /* SearchPageView.swift */; };
		732C26A91E16574C00B7D2C9 /* HomePageView.swift in Sources */ = {isa = PBXBuildFile; fileRef = 732C26A81E16574C00B7D2C9 /* HomePageView.swift */; };
		7346CBB91E2A588600B1C84A /* 蜜蜡1.png in Resources */ = {isa = PBXBuildFile; fileRef = 7346CBA41E2A588600B1C84A /* 蜜蜡1.png */; };
		7346CBBA1E2A588600B1C84A /* 蜜蜡2.png in Resources */ = {isa = PBXBuildFile; fileRef = 7346CBA51E2A588600B1C84A /* 蜜蜡2.png */; };
		7346CBBB1E2A588600B1C84A /* 蜜蜡3.png in Resources */ = {isa = PBXBuildFile; fileRef = 7346CBA61E2A588600B1C84A /* 蜜蜡3.png */; };
		7346CBBC1E2A588600B1C84A /* 印1.png in Resources */ = {isa = PBXBuildFile; fileRef = 7346CBA71E2A588600B1C84A /* 印1.png */; };
		7346CBBD1E2A588600B1C84A /* 印2.png in Resources */ = {isa = PBXBuildFile; fileRef = 7346CBA81E2A588600B1C84A /* 印2.png */; };
		7346CBBE1E2A588600B1C84A /* 印3.png in Resources */ = {isa = PBXBuildFile; fileRef = 7346CBA91E2A588600B1C84A /* 印3.png */; };
		7346CBBF1E2A588600B1C84A /* 印4.png in Resources */ = {isa = PBXBuildFile; fileRef = 7346CBAA1E2A588600B1C84A /* 印4.png */; };
		7346CBC01E2A588600B1C84A /* 玉雕1.png in Resources */ = {isa = PBXBuildFile; fileRef = 7346CBAB1E2A588600B1C84A /* 玉雕1.png */; };
		7346CBC11E2A588600B1C84A /* 玉雕2.png in Resources */ = {isa = PBXBuildFile; fileRef = 7346CBAC1E2A588600B1C84A /* 玉雕2.png */; };
		7346CBC21E2A588600B1C84A /* 玉雕3.png in Resources */ = {isa = PBXBuildFile; fileRef = 7346CBAD1E2A588600B1C84A /* 玉雕3.png */; };
		7346CBC31E2A588600B1C84A /* 玉佩1.png in Resources */ = {isa = PBXBuildFile; fileRef = 7346CBAE1E2A588600B1C84A /* 玉佩1.png */; };
		7346CBC41E2A588600B1C84A /* 玉佩2.png in Resources */ = {isa = PBXBuildFile; fileRef = 7346CBAF1E2A588600B1C84A /* 玉佩2.png */; };
		7346CBC51E2A588600B1C84A /* 玉佩3.png in Resources */ = {isa = PBXBuildFile; fileRef = 7346CBB01E2A588600B1C84A /* 玉佩3.png */; };
		7346CBC61E2A588600B1C84A /* 玉佩4.png in Resources */ = {isa = PBXBuildFile; fileRef = 7346CBB11E2A588600B1C84A /* 玉佩4.png */; };
		7346CBC71E2A588600B1C84A /* 玉佩5.png in Resources */ = {isa = PBXBuildFile; fileRef = 7346CBB21E2A588600B1C84A /* 玉佩5.png */; };
		7346CBC81E2A588600B1C84A /* 玉器工艺品1.png in Resources */ = {isa = PBXBuildFile; fileRef = 7346CBB31E2A588600B1C84A /* 玉器工艺品1.png */; };
		7346CBC91E2A588600B1C84A /* 玉器工艺品2.png in Resources */ = {isa = PBXBuildFile; fileRef = 7346CBB41E2A588600B1C84A /* 玉器工艺品2.png */; };
		7346CBCA1E2A588600B1C84A /* 玉器工艺品3.png in Resources */ = {isa = PBXBuildFile; fileRef = 7346CBB51E2A588600B1C84A /* 玉器工艺品3.png */; };
		7346CBCB1E2A588600B1C84A /* 紫叶小檀手串1.png in Resources */ = {isa = PBXBuildFile; fileRef = 7346CBB61E2A588600B1C84A /* 紫叶小檀手串1.png */; };
		7346CBCC1E2A588600B1C84A /* 紫叶小檀手串2.png in Resources */ = {isa = PBXBuildFile; fileRef = 7346CBB71E2A588600B1C84A /* 紫叶小檀手串2.png */; };
		7346CBCD1E2A588600B1C84A /* 紫叶小檀手串3.png in Resources */ = {isa = PBXBuildFile; fileRef = 7346CBB81E2A588600B1C84A /* 紫叶小檀手串3.png */; };
		7346CBD01E2A683900B1C84A /* 琉璃手串1.png in Resources */ = {isa = PBXBuildFile; fileRef = 7346CBCE1E2A683900B1C84A /* 琉璃手串1.png */; };
		7346CBD11E2A683900B1C84A /* 琉璃手串2.png in Resources */ = {isa = PBXBuildFile; fileRef = 7346CBCF1E2A683900B1C84A /* 琉璃手串2.png */; };
		7346CBD41E2A68D300B1C84A /* 和田玉手镯1.png in Resources */ = {isa = PBXBuildFile; fileRef = 7346CBD21E2A68D300B1C84A /* 和田玉手镯1.png */; };
		7346CBD51E2A68D300B1C84A /* 和田玉手镯2.png in Resources */ = {isa = PBXBuildFile; fileRef = 7346CBD31E2A68D300B1C84A /* 和田玉手镯2.png */; };
		7346CBD81E2A6A4100B1C84A /* 佛意菩提1.png in Resources */ = {isa = PBXBuildFile; fileRef = 7346CBD61E2A6A4100B1C84A /* 佛意菩提1.png */; };
		7346CBD91E2A6A4100B1C84A /* 佛意菩提2.png in Resources */ = {isa = PBXBuildFile; fileRef = 7346CBD71E2A6A4100B1C84A /* 佛意菩提2.png */; };
		7346CBDB1E2A6B6900B1C84A /* 绿松石手串1.png in Resources */ = {isa = PBXBuildFile; fileRef = 7346CBDA1E2A6B6900B1C84A /* 绿松石手串1.png */; };
		7346CBDD1E2A6E0300B1C84A /* 绿松石手串2.png in Resources */ = {isa = PBXBuildFile; fileRef = 7346CBDC1E2A6E0300B1C84A /* 绿松石手串2.png */; };
		7346CBE01E2A6E8700B1C84A /* 绿松石手串3.png in Resources */ = {isa = PBXBuildFile; fileRef = 7346CBDE1E2A6E8700B1C84A /* 绿松石手串3.png */; };
		7346CBE11E2A6E8700B1C84A /* 绿松石手串4.png in Resources */ = {isa = PBXBuildFile; fileRef = 7346CBDF1E2A6E8700B1C84A /* 绿松石手串4.png */; };
		7346CBE31E2A6EBB00B1C84A /* 绿松石手串5.png in Resources */ = {isa = PBXBuildFile; fileRef = 7346CBE21E2A6EBB00B1C84A /* 绿松石手串5.png */; };
		7346CBE91E2A70FF00B1C84A /* 夏玉坠1.png in Resources */ = {isa = PBXBuildFile; fileRef = 7346CBE41E2A70FF00B1C84A /* 夏玉坠1.png */; };
		7346CBEA1E2A70FF00B1C84A /* 夏玉坠2.png in Resources */ = {isa = PBXBuildFile; fileRef = 7346CBE51E2A70FF00B1C84A /* 夏玉坠2.png */; };
		7346CBEB1E2A70FF00B1C84A /* 夏玉坠3.png in Resources */ = {isa = PBXBuildFile; fileRef = 7346CBE61E2A70FF00B1C84A /* 夏玉坠3.png */; };
		7346CBEC1E2A70FF00B1C84A /* 夏玉坠4.png in Resources */ = {isa = PBXBuildFile; fileRef = 7346CBE71E2A70FF00B1C84A /* 夏玉坠4.png */; };
		7346CBED1E2A70FF00B1C84A /* 夏玉坠5.png in Resources */ = {isa = PBXBuildFile; fileRef = 7346CBE81E2A70FF00B1C84A /* 夏玉坠5.png */; };
		73B968D71E160E5C000B829C /* AppDelegate.swift in Sources */ = {isa = PBXBuildFile; fileRef = 73B968D61E160E5C000B829C /* AppDelegate.swift */; };
		73B968DE1E160E5C000B829C /* Assets.xcassets in Resources */ = {isa = PBXBuildFile; fileRef = 73B968DD1E160E5C000B829C /* Assets.xcassets */; };
		73B968EC1E160E5C000B829C /* KingsDemoNoStoryBoardTests.swift in Sources */ = {isa = PBXBuildFile; fileRef = 73B968EB1E160E5C000B829C /* KingsDemoNoStoryBoardTests.swift */; };
		73B968F71E160E5C000B829C /* KingsDemoNoStoryBoardUITests.swift in Sources */ = {isa = PBXBuildFile; fileRef = 73B968F61E160E5C000B829C /* KingsDemoNoStoryBoardUITests.swift */; };
		73B9690A1E160FE6000B829C /* ShopViewController.swift in Sources */ = {isa = PBXBuildFile; fileRef = 73B969091E160FE6000B829C /* ShopViewController.swift */; };
		73B9690C1E1611B7000B829C /* TabViewController.swift in Sources */ = {isa = PBXBuildFile; fileRef = 73B9690B1E1611B7000B829C /* TabViewController.swift */; };
		73B9690E1E1615E6000B829C /* HomePageViewController.swift in Sources */ = {isa = PBXBuildFile; fileRef = 73B9690D1E1615E6000B829C /* HomePageViewController.swift */; };
		73B969101E161601000B829C /* MyAccountViewController.swift in Sources */ = {isa = PBXBuildFile; fileRef = 73B9690F1E161601000B829C /* MyAccountViewController.swift */; };
		73B969121E1617E2000B829C /* RandomPageViewController.swift in Sources */ = {isa = PBXBuildFile; fileRef = 73B969111E1617E2000B829C /* RandomPageViewController.swift */; };
		73B969141E1618B4000B829C /* ShopDetailViewController.swift in Sources */ = {isa = PBXBuildFile; fileRef = 73B969131E1618B4000B829C /* ShopDetailViewController.swift */; };
/* End PBXBuildFile section */

/* Begin PBXContainerItemProxy section */
		73B968E81E160E5C000B829C /* PBXContainerItemProxy */ = {
			isa = PBXContainerItemProxy;
			containerPortal = 73B968CB1E160E5C000B829C /* Project object */;
			proxyType = 1;
			remoteGlobalIDString = 73B968D21E160E5C000B829C;
			remoteInfo = KingsDemoNoStoryBoard;
		};
		73B968F31E160E5C000B829C /* PBXContainerItemProxy */ = {
			isa = PBXContainerItemProxy;
			containerPortal = 73B968CB1E160E5C000B829C /* Project object */;
			proxyType = 1;
			remoteGlobalIDString = 73B968D21E160E5C000B829C;
			remoteInfo = KingsDemoNoStoryBoard;
		};
/* End PBXContainerItemProxy section */

/* Begin PBXFileReference section */
		452E56041E260CE300B632AB /* user.png */ = {isa = PBXFileReference; lastKnownFileType = image.png; path = user.png; sourceTree = "<group>"; };
		452E56061E260D0000B632AB /* defaultphoto.png */ = {isa = PBXFileReference; lastKnownFileType = image.png; path = defaultphoto.png; sourceTree = "<group>"; };
		453CE0C71E29388F00B2CA0B /* cargoViewController.swift */ = {isa = PBXFileReference; fileEncoding = 4; lastKnownFileType = sourcecode.swift; path = cargoViewController.swift; sourceTree = "<group>"; };
		45A9DF731E23CDF80043A95F /* usrIcon.png */ = {isa = PBXFileReference; lastKnownFileType = image.png; path = usrIcon.png; sourceTree = "<group>"; };
		45F091F01E24BE22006A8414 /* CarViewController.swift */ = {isa = PBXFileReference; fileEncoding = 4; lastKnownFileType = sourcecode.swift; path = CarViewController.swift; sourceTree = "<group>"; };
		45F091F41E24E89F006A8414 /* Car1.png */ = {isa = PBXFileReference; lastKnownFileType = image.png; path = Car1.png; sourceTree = "<group>"; };
		45F091F51E24E89F006A8414 /* Car2.png */ = {isa = PBXFileReference; lastKnownFileType = image.png; path = Car2.png; sourceTree = "<group>"; };
		45F091F61E24E89F006A8414 /* Car3.png */ = {isa = PBXFileReference; lastKnownFileType = image.png; path = Car3.png; sourceTree = "<group>"; };
		732C26A61E1656D100B7D2C9 /* SearchPageView.swift */ = {isa = PBXFileReference; fileEncoding = 4; lastKnownFileType = sourcecode.swift; path = SearchPageView.swift; sourceTree = "<group>"; };
		732C26A81E16574C00B7D2C9 /* HomePageView.swift */ = {isa = PBXFileReference; fileEncoding = 4; lastKnownFileType = sourcecode.swift; path = HomePageView.swift; sourceTree = "<group>"; };
		7346CBA41E2A588600B1C84A /* 蜜蜡1.png */ = {isa = PBXFileReference; lastKnownFileType = image.png; path = "蜜蜡1.png"; sourceTree = "<group>"; };
		7346CBA51E2A588600B1C84A /* 蜜蜡2.png */ = {isa = PBXFileReference; lastKnownFileType = image.png; path = "蜜蜡2.png"; sourceTree = "<group>"; };
		7346CBA61E2A588600B1C84A /* 蜜蜡3.png */ = {isa = PBXFileReference; lastKnownFileType = image.png; path = "蜜蜡3.png"; sourceTree = "<group>"; };
		7346CBA71E2A588600B1C84A /* 印1.png */ = {isa = PBXFileReference; lastKnownFileType = image.png; path = "印1.png"; sourceTree = "<group>"; };
		7346CBA81E2A588600B1C84A /* 印2.png */ = {isa = PBXFileReference; lastKnownFileType = image.png; path = "印2.png"; sourceTree = "<group>"; };
		7346CBA91E2A588600B1C84A /* 印3.png */ = {isa = PBXFileReference; lastKnownFileType = image.png; path = "印3.png"; sourceTree = "<group>"; };
		7346CBAA1E2A588600B1C84A /* 印4.png */ = {isa = PBXFileReference; lastKnownFileType = image.png; path = "印4.png"; sourceTree = "<group>"; };
		7346CBAB1E2A588600B1C84A /* 玉雕1.png */ = {isa = PBXFileReference; lastKnownFileType = image.png; path = "玉雕1.png"; sourceTree = "<group>"; };
		7346CBAC1E2A588600B1C84A /* 玉雕2.png */ = {isa = PBXFileReference; lastKnownFileType = image.png; path = "玉雕2.png"; sourceTree = "<group>"; };
		7346CBAD1E2A588600B1C84A /* 玉雕3.png */ = {isa = PBXFileReference; lastKnownFileType = image.png; path = "玉雕3.png"; sourceTree = "<group>"; };
		7346CBAE1E2A588600B1C84A /* 玉佩1.png */ = {isa = PBXFileReference; lastKnownFileType = image.png; path = "玉佩1.png"; sourceTree = "<group>"; };
		7346CBAF1E2A588600B1C84A /* 玉佩2.png */ = {isa = PBXFileReference; lastKnownFileType = image.png; path = "玉佩2.png"; sourceTree = "<group>"; };
		7346CBB01E2A588600B1C84A /* 玉佩3.png */ = {isa = PBXFileReference; lastKnownFileType = image.png; path = "玉佩3.png"; sourceTree = "<group>"; };
		7346CBB11E2A588600B1C84A /* 玉佩4.png */ = {isa = PBXFileReference; lastKnownFileType = image.png; path = "玉佩4.png"; sourceTree = "<group>"; };
		7346CBB21E2A588600B1C84A /* 玉佩5.png */ = {isa = PBXFileReference; lastKnownFileType = image.png; path = "玉佩5.png"; sourceTree = "<group>"; };
		7346CBB31E2A588600B1C84A /* 玉器工艺品1.png */ = {isa = PBXFileReference; lastKnownFileType = image.png; path = "玉器工艺品1.png"; sourceTree = "<group>"; };
		7346CBB41E2A588600B1C84A /* 玉器工艺品2.png */ = {isa = PBXFileReference; lastKnownFileType = image.png; path = "玉器工艺品2.png"; sourceTree = "<group>"; };
		7346CBB51E2A588600B1C84A /* 玉器工艺品3.png */ = {isa = PBXFileReference; lastKnownFileType = image.png; path = "玉器工艺品3.png"; sourceTree = "<group>"; };
		7346CBB61E2A588600B1C84A /* 紫叶小檀手串1.png */ = {isa = PBXFileReference; lastKnownFileType = image.png; path = "紫叶小檀手串1.png"; sourceTree = "<group>"; };
		7346CBB71E2A588600B1C84A /* 紫叶小檀手串2.png */ = {isa = PBXFileReference; lastKnownFileType = image.png; path = "紫叶小檀手串2.png"; sourceTree = "<group>"; };
		7346CBB81E2A588600B1C84A /* 紫叶小檀手串3.png */ = {isa = PBXFileReference; lastKnownFileType = image.png; path = "紫叶小檀手串3.png"; sourceTree = "<group>"; };
		7346CBCE1E2A683900B1C84A /* 琉璃手串1.png */ = {isa = PBXFileReference; lastKnownFileType = image.png; path = "琉璃手串1.png"; sourceTree = "<group>"; };
		7346CBCF1E2A683900B1C84A /* 琉璃手串2.png */ = {isa = PBXFileReference; lastKnownFileType = image.png; path = "琉璃手串2.png"; sourceTree = "<group>"; };
		7346CBD21E2A68D300B1C84A /* 和田玉手镯1.png */ = {isa = PBXFileReference; lastKnownFileType = image.png; path = "和田玉手镯1.png"; sourceTree = "<group>"; };
		7346CBD31E2A68D300B1C84A /* 和田玉手镯2.png */ = {isa = PBXFileReference; lastKnownFileType = image.png; path = "和田玉手镯2.png"; sourceTree = "<group>"; };
		7346CBD61E2A6A4100B1C84A /* 佛意菩提1.png */ = {isa = PBXFileReference; lastKnownFileType = image.png; path = "佛意菩提1.png"; sourceTree = "<group>"; };
		7346CBD71E2A6A4100B1C84A /* 佛意菩提2.png */ = {isa = PBXFileReference; lastKnownFileType = image.png; path = "佛意菩提2.png"; sourceTree = "<group>"; };
		7346CBDA1E2A6B6900B1C84A /* 绿松石手串1.png */ = {isa = PBXFileReference; lastKnownFileType = image.png; path = "绿松石手串1.png"; sourceTree = "<group>"; };
		7346CBDC1E2A6E0300B1C84A /* 绿松石手串2.png */ = {isa = PBXFileReference; lastKnownFileType = image.png; path = "绿松石手串2.png"; sourceTree = "<group>"; };
		7346CBDE1E2A6E8700B1C84A /* 绿松石手串3.png */ = {isa = PBXFileReference; lastKnownFileType = image.png; path = "绿松石手串3.png"; sourceTree = "<group>"; };
		7346CBDF1E2A6E8700B1C84A /* 绿松石手串4.png */ = {isa = PBXFileReference; lastKnownFileType = image.png; path = "绿松石手串4.png"; sourceTree = "<group>"; };
		7346CBE21E2A6EBB00B1C84A /* 绿松石手串5.png */ = {isa = PBXFileReference; lastKnownFileType = image.png; path = "绿松石手串5.png"; sourceTree = "<group>"; };
		7346CBE41E2A70FF00B1C84A /* 夏玉坠1.png */ = {isa = PBXFileReference; lastKnownFileType = image.png; path = "夏玉坠1.png"; sourceTree = "<group>"; };
		7346CBE51E2A70FF00B1C84A /* 夏玉坠2.png */ = {isa = PBXFileReference; lastKnownFileType = image.png; path = "夏玉坠2.png"; sourceTree = "<group>"; };
		7346CBE61E2A70FF00B1C84A /* 夏玉坠3.png */ = {isa = PBXFileReference; lastKnownFileType = image.png; path = "夏玉坠3.png"; sourceTree = "<group>"; };
		7346CBE71E2A70FF00B1C84A /* 夏玉坠4.png */ = {isa = PBXFileReference; lastKnownFileType = image.png; path = "夏玉坠4.png"; sourceTree = "<group>"; };
		7346CBE81E2A70FF00B1C84A /* 夏玉坠5.png */ = {isa = PBXFileReference; lastKnownFileType = image.png; path = "夏玉坠5.png"; sourceTree = "<group>"; };
		73B968D31E160E5C000B829C /* KingsDemoNoStoryBoard.app */ = {isa = PBXFileReference; explicitFileType = wrapper.application; includeInIndex = 0; path = KingsDemoNoStoryBoard.app; sourceTree = BUILT_PRODUCTS_DIR; };
		73B968D61E160E5C000B829C /* AppDelegate.swift */ = {isa = PBXFileReference; lastKnownFileType = sourcecode.swift; path = AppDelegate.swift; sourceTree = "<group>"; };
		73B968DD1E160E5C000B829C /* Assets.xcassets */ = {isa = PBXFileReference; lastKnownFileType = folder.assetcatalog; path = Assets.xcassets; sourceTree = "<group>"; };
		73B968E21E160E5C000B829C /* Info.plist */ = {isa = PBXFileReference; lastKnownFileType = text.plist.xml; path = Info.plist; sourceTree = "<group>"; };
		73B968E71E160E5C000B829C /* KingsDemoNoStoryBoardTests.xctest */ = {isa = PBXFileReference; explicitFileType = wrapper.cfbundle; includeInIndex = 0; path = KingsDemoNoStoryBoardTests.xctest; sourceTree = BUILT_PRODUCTS_DIR; };
		73B968EB1E160E5C000B829C /* KingsDemoNoStoryBoardTests.swift */ = {isa = PBXFileReference; lastKnownFileType = sourcecode.swift; path = KingsDemoNoStoryBoardTests.swift; sourceTree = "<group>"; };
		73B968ED1E160E5C000B829C /* Info.plist */ = {isa = PBXFileReference; lastKnownFileType = text.plist.xml; path = Info.plist; sourceTree = "<group>"; };
		73B968F21E160E5C000B829C /* KingsDemoNoStoryBoardUITests.xctest */ = {isa = PBXFileReference; explicitFileType = wrapper.cfbundle; includeInIndex = 0; path = KingsDemoNoStoryBoardUITests.xctest; sourceTree = BUILT_PRODUCTS_DIR; };
		73B968F61E160E5C000B829C /* KingsDemoNoStoryBoardUITests.swift */ = {isa = PBXFileReference; lastKnownFileType = sourcecode.swift; path = KingsDemoNoStoryBoardUITests.swift; sourceTree = "<group>"; };
		73B968F81E160E5C000B829C /* Info.plist */ = {isa = PBXFileReference; lastKnownFileType = text.plist.xml; path = Info.plist; sourceTree = "<group>"; };
		73B969091E160FE6000B829C /* ShopViewController.swift */ = {isa = PBXFileReference; fileEncoding = 4; lastKnownFileType = sourcecode.swift; path = ShopViewController.swift; sourceTree = "<group>"; };
		73B9690B1E1611B7000B829C /* TabViewController.swift */ = {isa = PBXFileReference; fileEncoding = 4; lastKnownFileType = sourcecode.swift; path = TabViewController.swift; sourceTree = "<group>"; };
		73B9690D1E1615E6000B829C /* HomePageViewController.swift */ = {isa = PBXFileReference; fileEncoding = 4; lastKnownFileType = sourcecode.swift; path = HomePageViewController.swift; sourceTree = "<group>"; };
		73B9690F1E161601000B829C /* MyAccountViewController.swift */ = {isa = PBXFileReference; fileEncoding = 4; lastKnownFileType = sourcecode.swift; path = MyAccountViewController.swift; sourceTree = "<group>"; };
		73B969111E1617E2000B829C /* RandomPageViewController.swift */ = {isa = PBXFileReference; fileEncoding = 4; lastKnownFileType = sourcecode.swift; path = RandomPageViewController.swift; sourceTree = "<group>"; };
		73B969131E1618B4000B829C /* ShopDetailViewController.swift */ = {isa = PBXFileReference; fileEncoding = 4; lastKnownFileType = sourcecode.swift; path = ShopDetailViewController.swift; sourceTree = "<group>"; };
/* End PBXFileReference section */

/* Begin PBXFrameworksBuildPhase section */
		73B968D01E160E5C000B829C /* Frameworks */ = {
			isa = PBXFrameworksBuildPhase;
			buildActionMask = 2147483647;
			files = (
			);
			runOnlyForDeploymentPostprocessing = 0;
		};
		73B968E41E160E5C000B829C /* Frameworks */ = {
			isa = PBXFrameworksBuildPhase;
			buildActionMask = 2147483647;
			files = (
			);
			runOnlyForDeploymentPostprocessing = 0;
		};
		73B968EF1E160E5C000B829C /* Frameworks */ = {
			isa = PBXFrameworksBuildPhase;
			buildActionMask = 2147483647;
			files = (
			);
			runOnlyForDeploymentPostprocessing = 0;
		};
/* End PBXFrameworksBuildPhase section */

/* Begin PBXGroup section */
		45A9DF721E23CD3B0043A95F /* img */ = {
			isa = PBXGroup;
			children = (
				7346CBDA1E2A6B6900B1C84A /* 绿松石手串1.png */,
				7346CBDC1E2A6E0300B1C84A /* 绿松石手串2.png */,
				7346CBDE1E2A6E8700B1C84A /* 绿松石手串3.png */,
				7346CBDF1E2A6E8700B1C84A /* 绿松石手串4.png */,
				7346CBE21E2A6EBB00B1C84A /* 绿松石手串5.png */,
				7346CBCE1E2A683900B1C84A /* 琉璃手串1.png */,
				7346CBCF1E2A683900B1C84A /* 琉璃手串2.png */,
				7346CBD21E2A68D300B1C84A /* 和田玉手镯1.png */,
				7346CBD31E2A68D300B1C84A /* 和田玉手镯2.png */,
				7346CBD61E2A6A4100B1C84A /* 佛意菩提1.png */,
				7346CBD71E2A6A4100B1C84A /* 佛意菩提2.png */,
				452E56061E260D0000B632AB /* defaultphoto.png */,
				452E56041E260CE300B632AB /* user.png */,
				45F091F41E24E89F006A8414 /* Car1.png */,
				45F091F51E24E89F006A8414 /* Car2.png */,
				45F091F61E24E89F006A8414 /* Car3.png */,
				45A9DF731E23CDF80043A95F /* usrIcon.png */,
				7346CBA41E2A588600B1C84A /* 蜜蜡1.png */,
				7346CBA51E2A588600B1C84A /* 蜜蜡2.png */,
				7346CBA61E2A588600B1C84A /* 蜜蜡3.png */,
				7346CBA71E2A588600B1C84A /* 印1.png */,
				7346CBA81E2A588600B1C84A /* 印2.png */,
				7346CBA91E2A588600B1C84A /* 印3.png */,
				7346CBAA1E2A588600B1C84A /* 印4.png */,
				7346CBAB1E2A588600B1C84A /* 玉雕1.png */,
				7346CBAC1E2A588600B1C84A /* 玉雕2.png */,
				7346CBAD1E2A588600B1C84A /* 玉雕3.png */,
				7346CBAE1E2A588600B1C84A /* 玉佩1.png */,
				7346CBAF1E2A588600B1C84A /* 玉佩2.png */,
				7346CBB01E2A588600B1C84A /* 玉佩3.png */,
				7346CBB11E2A588600B1C84A /* 玉佩4.png */,
				7346CBB21E2A588600B1C84A /* 玉佩5.png */,
				7346CBB31E2A588600B1C84A /* 玉器工艺品1.png */,
				7346CBB41E2A588600B1C84A /* 玉器工艺品2.png */,
				7346CBB51E2A588600B1C84A /* 玉器工艺品3.png */,
				7346CBB61E2A588600B1C84A /* 紫叶小檀手串1.png */,
				7346CBB71E2A588600B1C84A /* 紫叶小檀手串2.png */,
				7346CBB81E2A588600B1C84A /* 紫叶小檀手串3.png */,
				7346CBE41E2A70FF00B1C84A /* 夏玉坠1.png */,
				7346CBE51E2A70FF00B1C84A /* 夏玉坠2.png */,
				7346CBE61E2A70FF00B1C84A /* 夏玉坠3.png */,
				7346CBE71E2A70FF00B1C84A /* 夏玉坠4.png */,
				7346CBE81E2A70FF00B1C84A /* 夏玉坠5.png */,
			);
			name = img;
			sourceTree = "<group>";
		};
		732C26A41E16568500B7D2C9 /* Views */ = {
			isa = PBXGroup;
			children = (
				732C26A51E16569F00B7D2C9 /* HomePageViews */,
			);
			name = Views;
			sourceTree = "<group>";
		};
		732C26A51E16569F00B7D2C9 /* HomePageViews */ = {
			isa = PBXGroup;
			children = (
				732C26A61E1656D100B7D2C9 /* SearchPageView.swift */,
				732C26A81E16574C00B7D2C9 /* HomePageView.swift */,
			);
			name = HomePageViews;
			sourceTree = "<group>";
		};
		73B968CA1E160E5C000B829C = {
			isa = PBXGroup;
			children = (
				73B968D51E160E5C000B829C /* KingsDemoNoStoryBoard */,
				73B968EA1E160E5C000B829C /* KingsDemoNoStoryBoardTests */,
				73B968F51E160E5C000B829C /* KingsDemoNoStoryBoardUITests */,
				73B968D41E160E5C000B829C /* Products */,
			);
			sourceTree = "<group>";
		};
		73B968D41E160E5C000B829C /* Products */ = {
			isa = PBXGroup;
			children = (
				73B968D31E160E5C000B829C /* KingsDemoNoStoryBoard.app */,
				73B968E71E160E5C000B829C /* KingsDemoNoStoryBoardTests.xctest */,
				73B968F21E160E5C000B829C /* KingsDemoNoStoryBoardUITests.xctest */,
			);
			name = Products;
			sourceTree = "<group>";
		};
		73B968D51E160E5C000B829C /* KingsDemoNoStoryBoard */ = {
			isa = PBXGroup;
			children = (
				45A9DF721E23CD3B0043A95F /* img */,
				732C26A41E16568500B7D2C9 /* Views */,
				73B969081E160FCB000B829C /* ViewControllers */,
				73B968D61E160E5C000B829C /* AppDelegate.swift */,
				73B968DD1E160E5C000B829C /* Assets.xcassets */,
				73B968E21E160E5C000B829C /* Info.plist */,
			);
			path = KingsDemoNoStoryBoard;
			sourceTree = "<group>";
		};
		73B968EA1E160E5C000B829C /* KingsDemoNoStoryBoardTests */ = {
			isa = PBXGroup;
			children = (
				73B968EB1E160E5C000B829C /* KingsDemoNoStoryBoardTests.swift */,
				73B968ED1E160E5C000B829C /* Info.plist */,
			);
			path = KingsDemoNoStoryBoardTests;
			sourceTree = "<group>";
		};
		73B968F51E160E5C000B829C /* KingsDemoNoStoryBoardUITests */ = {
			isa = PBXGroup;
			children = (
				73B968F61E160E5C000B829C /* KingsDemoNoStoryBoardUITests.swift */,
				73B968F81E160E5C000B829C /* Info.plist */,
			);
			path = KingsDemoNoStoryBoardUITests;
			sourceTree = "<group>";
		};
		73B969081E160FCB000B829C /* ViewControllers */ = {
			isa = PBXGroup;
			children = (
				453CE0C71E29388F00B2CA0B /* cargoViewController.swift */,
				73B969131E1618B4000B829C /* ShopDetailViewController.swift */,
				73B969091E160FE6000B829C /* ShopViewController.swift */,
				73B9690B1E1611B7000B829C /* TabViewController.swift */,
				45F091F01E24BE22006A8414 /* CarViewController.swift */,
				73B9690D1E1615E6000B829C /* HomePageViewController.swift */,
				73B9690F1E161601000B829C /* MyAccountViewController.swift */,
				73B969111E1617E2000B829C /* RandomPageViewController.swift */,
			);
			name = ViewControllers;
			sourceTree = "<group>";
		};
/* End PBXGroup section */

/* Begin PBXNativeTarget section */
		73B968D21E160E5C000B829C /* KingsDemoNoStoryBoard */ = {
			isa = PBXNativeTarget;
			buildConfigurationList = 73B968FB1E160E5C000B829C /* Build configuration list for PBXNativeTarget "KingsDemoNoStoryBoard" */;
			buildPhases = (
				73B968CF1E160E5C000B829C /* Sources */,
				73B968D01E160E5C000B829C /* Frameworks */,
				73B968D11E160E5C000B829C /* Resources */,
			);
			buildRules = (
			);
			dependencies = (
			);
			name = KingsDemoNoStoryBoard;
			productName = KingsDemoNoStoryBoard;
			productReference = 73B968D31E160E5C000B829C /* KingsDemoNoStoryBoard.app */;
			productType = "com.apple.product-type.application";
		};
		73B968E61E160E5C000B829C /* KingsDemoNoStoryBoardTests */ = {
			isa = PBXNativeTarget;
			buildConfigurationList = 73B968FE1E160E5C000B829C /* Build configuration list for PBXNativeTarget "KingsDemoNoStoryBoardTests" */;
			buildPhases = (
				73B968E31E160E5C000B829C /* Sources */,
				73B968E41E160E5C000B829C /* Frameworks */,
				73B968E51E160E5C000B829C /* Resources */,
			);
			buildRules = (
			);
			dependencies = (
				73B968E91E160E5C000B829C /* PBXTargetDependency */,
			);
			name = KingsDemoNoStoryBoardTests;
			productName = KingsDemoNoStoryBoardTests;
			productReference = 73B968E71E160E5C000B829C /* KingsDemoNoStoryBoardTests.xctest */;
			productType = "com.apple.product-type.bundle.unit-test";
		};
		73B968F11E160E5C000B829C /* KingsDemoNoStoryBoardUITests */ = {
			isa = PBXNativeTarget;
			buildConfigurationList = 73B969011E160E5C000B829C /* Build configuration list for PBXNativeTarget "KingsDemoNoStoryBoardUITests" */;
			buildPhases = (
				73B968EE1E160E5C000B829C /* Sources */,
				73B968EF1E160E5C000B829C /* Frameworks */,
				73B968F01E160E5C000B829C /* Resources */,
			);
			buildRules = (
			);
			dependencies = (
				73B968F41E160E5C000B829C /* PBXTargetDependency */,
			);
			name = KingsDemoNoStoryBoardUITests;
			productName = KingsDemoNoStoryBoardUITests;
			productReference = 73B968F21E160E5C000B829C /* KingsDemoNoStoryBoardUITests.xctest */;
			productType = "com.apple.product-type.bundle.ui-testing";
		};
/* End PBXNativeTarget section */

/* Begin PBXProject section */
		73B968CB1E160E5C000B829C /* Project object */ = {
			isa = PBXProject;
			attributes = {
				LastSwiftUpdateCheck = 0810;
				LastUpgradeCheck = 0810;
				ORGANIZATIONNAME = leonchan;
				TargetAttributes = {
					73B968D21E160E5C000B829C = {
						CreatedOnToolsVersion = 8.1;
						ProvisioningStyle = Automatic;
					};
					73B968E61E160E5C000B829C = {
						CreatedOnToolsVersion = 8.1;
						DevelopmentTeam = V55DNEEJD8;
						ProvisioningStyle = Automatic;
						TestTargetID = 73B968D21E160E5C000B829C;
					};
					73B968F11E160E5C000B829C = {
						CreatedOnToolsVersion = 8.1;
						DevelopmentTeam = V55DNEEJD8;
						ProvisioningStyle = Automatic;
						TestTargetID = 73B968D21E160E5C000B829C;
					};
				};
			};
			buildConfigurationList = 73B968CE1E160E5C000B829C /* Build configuration list for PBXProject "KingsDemoNoStoryBoard" */;
			compatibilityVersion = "Xcode 3.2";
			developmentRegion = English;
			hasScannedForEncodings = 0;
			knownRegions = (
				en,
				Base,
			);
			mainGroup = 73B968CA1E160E5C000B829C;
			productRefGroup = 73B968D41E160E5C000B829C /* Products */;
			projectDirPath = "";
			projectRoot = "";
			targets = (
				73B968D21E160E5C000B829C /* KingsDemoNoStoryBoard */,
				73B968E61E160E5C000B829C /* KingsDemoNoStoryBoardTests */,
				73B968F11E160E5C000B829C /* KingsDemoNoStoryBoardUITests */,
			);
		};
/* End PBXProject section */

/* Begin PBXResourcesBuildPhase section */
		73B968D11E160E5C000B829C /* Resources */ = {
			isa = PBXResourcesBuildPhase;
			buildActionMask = 2147483647;
			files = (
				7346CBE31E2A6EBB00B1C84A /* 绿松石手串5.png in Resources */,
				7346CBDD1E2A6E0300B1C84A /* 绿松石手串2.png in Resources */,
				7346CBC91E2A588600B1C84A /* 玉器工艺品2.png in Resources */,
				7346CBD81E2A6A4100B1C84A /* 佛意菩提1.png in Resources */,
				7346CBCA1E2A588600B1C84A /* 玉器工艺品3.png in Resources */,
				7346CBBE1E2A588600B1C84A /* 印3.png in Resources */,
				7346CBBB1E2A588600B1C84A /* 蜜蜡3.png in Resources */,
				7346CBBA1E2A588600B1C84A /* 蜜蜡2.png in Resources */,
				7346CBED1E2A70FF00B1C84A /* 夏玉坠5.png in Resources */,
				7346CBE01E2A6E8700B1C84A /* 绿松石手串3.png in Resources */,
				7346CBE11E2A6E8700B1C84A /* 绿松石手串4.png in Resources */,
				7346CBD41E2A68D300B1C84A /* 和田玉手镯1.png in Resources */,
				7346CBC31E2A588600B1C84A /* 玉佩1.png in Resources */,
				7346CBC81E2A588600B1C84A /* 玉器工艺品1.png in Resources */,
				7346CBEC1E2A70FF00B1C84A /* 夏玉坠4.png in Resources */,
				7346CBB91E2A588600B1C84A /* 蜜蜡1.png in Resources */,
				7346CBC21E2A588600B1C84A /* 玉雕3.png in Resources */,
				7346CBCC1E2A588600B1C84A /* 紫叶小檀手串2.png in Resources */,
				7346CBD01E2A683900B1C84A /* 琉璃手串1.png in Resources */,
				7346CBC41E2A588600B1C84A /* 玉佩2.png in Resources */,
				7346CBCD1E2A588600B1C84A /* 紫叶小檀手串3.png in Resources */,
				7346CBD51E2A68D300B1C84A /* 和田玉手镯2.png in Resources */,
				7346CBC51E2A588600B1C84A /* 玉佩3.png in Resources */,
				45F091F91E24E89F006A8414 /* Car3.png in Resources */,
				7346CBBC1E2A588600B1C84A /* 印1.png in Resources */,
				7346CBC01E2A588600B1C84A /* 玉雕1.png in Resources */,
				73B968DE1E160E5C000B829C /* Assets.xcassets in Resources */,
				7346CBD91E2A6A4100B1C84A /* 佛意菩提2.png in Resources */,
				7346CBC61E2A588600B1C84A /* 玉佩4.png in Resources */,
				7346CBBF1E2A588600B1C84A /* 印4.png in Resources */,
				452E56051E260CE300B632AB /* user.png in Resources */,
				7346CBD11E2A683900B1C84A /* 琉璃手串2.png in Resources */,
				7346CBC11E2A588600B1C84A /* 玉雕2.png in Resources */,
				452E56071E260D0000B632AB /* defaultphoto.png in Resources */,
				45F091F81E24E89F006A8414 /* Car2.png in Resources */,
				45F091F71E24E89F006A8414 /* Car1.png in Resources */,
				45A9DF741E23CDF80043A95F /* usrIcon.png in Resources */,
				7346CBCB1E2A588600B1C84A /* 紫叶小檀手串1.png in Resources */,
				7346CBE91E2A70FF00B1C84A /* 夏玉坠1.png in Resources */,
				7346CBBD1E2A588600B1C84A /* 印2.png in Resources */,
				7346CBEB1E2A70FF00B1C84A /* 夏玉坠3.png in Resources */,
				7346CBEA1E2A70FF00B1C84A /* 夏玉坠2.png in Resources */,
				7346CBC71E2A588600B1C84A /* 玉佩5.png in Resources */,
				7346CBDB1E2A6B6900B1C84A /* 绿松石手串1.png in Resources */,
			);
			runOnlyForDeploymentPostprocessing = 0;
		};
		73B968E51E160E5C000B829C /* Resources */ = {
			isa = PBXResourcesBuildPhase;
			buildActionMask = 2147483647;
			files = (
			);
			runOnlyForDeploymentPostprocessing = 0;
		};
		73B968F01E160E5C000B829C /* Resources */ = {
			isa = PBXResourcesBuildPhase;
			buildActionMask = 2147483647;
			files = (
			);
			runOnlyForDeploymentPostprocessing = 0;
		};
/* End PBXResourcesBuildPhase section */

/* Begin PBXSourcesBuildPhase section */
		73B968CF1E160E5C000B829C /* Sources */ = {
			isa = PBXSourcesBuildPhase;
			buildActionMask = 2147483647;
			files = (
				73B969121E1617E2000B829C /* RandomPageViewController.swift in Sources */,
				73B9690E1E1615E6000B829C /* HomePageViewController.swift in Sources */,
				73B9690C1E1611B7000B829C /* TabViewController.swift in Sources */,
				73B969101E161601000B829C /* MyAccountViewController.swift in Sources */,
				45F091F11E24BE22006A8414 /* CarViewController.swift in Sources */,
				73B969141E1618B4000B829C /* ShopDetailViewController.swift in Sources */,
				732C26A71E1656D100B7D2C9 /* SearchPageView.swift in Sources */,
				453CE0C81E29388F00B2CA0B /* cargoViewController.swift in Sources */,
				73B9690A1E160FE6000B829C /* ShopViewController.swift in Sources */,
				732C26A91E16574C00B7D2C9 /* HomePageView.swift in Sources */,
				73B968D71E160E5C000B829C /* AppDelegate.swift in Sources */,
			);
			runOnlyForDeploymentPostprocessing = 0;
		};
		73B968E31E160E5C000B829C /* Sources */ = {
			isa = PBXSourcesBuildPhase;
			buildActionMask = 2147483647;
			files = (
				73B968EC1E160E5C000B829C /* KingsDemoNoStoryBoardTests.swift in Sources */,
			);
			runOnlyForDeploymentPostprocessing = 0;
		};
		73B968EE1E160E5C000B829C /* Sources */ = {
			isa = PBXSourcesBuildPhase;
			buildActionMask = 2147483647;
			files = (
				73B968F71E160E5C000B829C /* KingsDemoNoStoryBoardUITests.swift in Sources */,
			);
			runOnlyForDeploymentPostprocessing = 0;
		};
/* End PBXSourcesBuildPhase section */

/* Begin PBXTargetDependency section */
		73B968E91E160E5C000B829C /* PBXTargetDependency */ = {
			isa = PBXTargetDependency;
			target = 73B968D21E160E5C000B829C /* KingsDemoNoStoryBoard */;
			targetProxy = 73B968E81E160E5C000B829C /* PBXContainerItemProxy */;
		};
		73B968F41E160E5C000B829C /* PBXTargetDependency */ = {
			isa = PBXTargetDependency;
			target = 73B968D21E160E5C000B829C /* KingsDemoNoStoryBoard */;
			targetProxy = 73B968F31E160E5C000B829C /* PBXContainerItemProxy */;
		};
/* End PBXTargetDependency section */

/* Begin XCBuildConfiguration section */
		73B968F91E160E5C000B829C /* Debug */ = {
			isa = XCBuildConfiguration;
			buildSettings = {
				ALWAYS_SEARCH_USER_PATHS = NO;
				CLANG_ANALYZER_NONNULL = YES;
				CLANG_CXX_LANGUAGE_STANDARD = "gnu++0x";
				CLANG_CXX_LIBRARY = "libc++";
				CLANG_ENABLE_MODULES = YES;
				CLANG_ENABLE_OBJC_ARC = YES;
				CLANG_WARN_BOOL_CONVERSION = YES;
				CLANG_WARN_CONSTANT_CONVERSION = YES;
				CLANG_WARN_DIRECT_OBJC_ISA_USAGE = YES_ERROR;
				CLANG_WARN_DOCUMENTATION_COMMENTS = YES;
				CLANG_WARN_EMPTY_BODY = YES;
				CLANG_WARN_ENUM_CONVERSION = YES;
				CLANG_WARN_INFINITE_RECURSION = YES;
				CLANG_WARN_INT_CONVERSION = YES;
				CLANG_WARN_OBJC_ROOT_CLASS = YES_ERROR;
				CLANG_WARN_SUSPICIOUS_MOVES = YES;
				CLANG_WARN_UNREACHABLE_CODE = YES;
				CLANG_WARN__DUPLICATE_METHOD_MATCH = YES;
				"CODE_SIGN_IDENTITY[sdk=iphoneos*]" = "iPhone Developer";
				COPY_PHASE_STRIP = NO;
				DEBUG_INFORMATION_FORMAT = dwarf;
				ENABLE_STRICT_OBJC_MSGSEND = YES;
				ENABLE_TESTABILITY = YES;
				GCC_C_LANGUAGE_STANDARD = gnu99;
				GCC_DYNAMIC_NO_PIC = NO;
				GCC_NO_COMMON_BLOCKS = YES;
				GCC_OPTIMIZATION_LEVEL = 0;
				GCC_PREPROCESSOR_DEFINITIONS = (
					"DEBUG=1",
					"$(inherited)",
				);
				GCC_WARN_64_TO_32_BIT_CONVERSION = YES;
				GCC_WARN_ABOUT_RETURN_TYPE = YES_ERROR;
				GCC_WARN_UNDECLARED_SELECTOR = YES;
				GCC_WARN_UNINITIALIZED_AUTOS = YES_AGGRESSIVE;
				GCC_WARN_UNUSED_FUNCTION = YES;
				GCC_WARN_UNUSED_VARIABLE = YES;
				IPHONEOS_DEPLOYMENT_TARGET = 10.1;
				MTL_ENABLE_DEBUG_INFO = YES;
				ONLY_ACTIVE_ARCH = YES;
				SDKROOT = iphoneos;
				SWIFT_ACTIVE_COMPILATION_CONDITIONS = DEBUG;
				SWIFT_OPTIMIZATION_LEVEL = "-Onone";
			};
			name = Debug;
		};
		73B968FA1E160E5C000B829C /* Release */ = {
			isa = XCBuildConfiguration;
			buildSettings = {
				ALWAYS_SEARCH_USER_PATHS = NO;
				CLANG_ANALYZER_NONNULL = YES;
				CLANG_CXX_LANGUAGE_STANDARD = "gnu++0x";
				CLANG_CXX_LIBRARY = "libc++";
				CLANG_ENABLE_MODULES = YES;
				CLANG_ENABLE_OBJC_ARC = YES;
				CLANG_WARN_BOOL_CONVERSION = YES;
				CLANG_WARN_CONSTANT_CONVERSION = YES;
				CLANG_WARN_DIRECT_OBJC_ISA_USAGE = YES_ERROR;
				CLANG_WARN_DOCUMENTATION_COMMENTS = YES;
				CLANG_WARN_EMPTY_BODY = YES;
				CLANG_WARN_ENUM_CONVERSION = YES;
				CLANG_WARN_INFINITE_RECURSION = YES;
				CLANG_WARN_INT_CONVERSION = YES;
				CLANG_WARN_OBJC_ROOT_CLASS = YES_ERROR;
				CLANG_WARN_SUSPICIOUS_MOVES = YES;
				CLANG_WARN_UNREACHABLE_CODE = YES;
				CLANG_WARN__DUPLICATE_METHOD_MATCH = YES;
				"CODE_SIGN_IDENTITY[sdk=iphoneos*]" = "iPhone Developer";
				COPY_PHASE_STRIP = NO;
				DEBUG_INFORMATION_FORMAT = "dwarf-with-dsym";
				ENABLE_NS_ASSERTIONS = NO;
				ENABLE_STRICT_OBJC_MSGSEND = YES;
				GCC_C_LANGUAGE_STANDARD = gnu99;
				GCC_NO_COMMON_BLOCKS = YES;
				GCC_WARN_64_TO_32_BIT_CONVERSION = YES;
				GCC_WARN_ABOUT_RETURN_TYPE = YES_ERROR;
				GCC_WARN_UNDECLARED_SELECTOR = YES;
				GCC_WARN_UNINITIALIZED_AUTOS = YES_AGGRESSIVE;
				GCC_WARN_UNUSED_FUNCTION = YES;
				GCC_WARN_UNUSED_VARIABLE = YES;
				IPHONEOS_DEPLOYMENT_TARGET = 10.1;
				MTL_ENABLE_DEBUG_INFO = NO;
				SDKROOT = iphoneos;
				SWIFT_OPTIMIZATION_LEVEL = "-Owholemodule";
				VALIDATE_PRODUCT = YES;
			};
			name = Release;
		};
		73B968FC1E160E5C000B829C /* Debug */ = {
			isa = XCBuildConfiguration;
			buildSettings = {
				ASSETCATALOG_COMPILER_APPICON_NAME = AppIcon;
				"CODE_SIGN_IDENTITY[sdk=iphoneos*]" = "iPhone Developer";
				DEVELOPMENT_TEAM = "";
				INFOPLIST_FILE = KingsDemoNoStoryBoard/Info.plist;
				LD_RUNPATH_SEARCH_PATHS = "$(inherited) @executable_path/Frameworks";
				PRODUCT_BUNDLE_IDENTIFIER = com.huzhl.demo;
				PRODUCT_NAME = "$(TARGET_NAME)";
				SWIFT_VERSION = 3.0;
			};
			name = Debug;
		};
		73B968FD1E160E5C000B829C /* Release */ = {
			isa = XCBuildConfiguration;
			buildSettings = {
				ASSETCATALOG_COMPILER_APPICON_NAME = AppIcon;
				"CODE_SIGN_IDENTITY[sdk=iphoneos*]" = "iPhone Developer";
				DEVELOPMENT_TEAM = "";
				INFOPLIST_FILE = KingsDemoNoStoryBoard/Info.plist;
				LD_RUNPATH_SEARCH_PATHS = "$(inherited) @executable_path/Frameworks";
				PRODUCT_BUNDLE_IDENTIFIER = com.huzhl.demo;
				PRODUCT_NAME = "$(TARGET_NAME)";
				SWIFT_VERSION = 3.0;
			};
			name = Release;
		};
		73B968FF1E160E5C000B829C /* Debug */ = {
			isa = XCBuildConfiguration;
			buildSettings = {
				ALWAYS_EMBED_SWIFT_STANDARD_LIBRARIES = YES;
				BUNDLE_LOADER = "$(TEST_HOST)";
				DEVELOPMENT_TEAM = V55DNEEJD8;
				INFOPLIST_FILE = KingsDemoNoStoryBoardTests/Info.plist;
				LD_RUNPATH_SEARCH_PATHS = "$(inherited) @executable_path/Frameworks @loader_path/Frameworks";
				PRODUCT_BUNDLE_IDENTIFIER = com.leonchan.KingsDemoNoStoryBoardTests;
				PRODUCT_NAME = "$(TARGET_NAME)";
				SWIFT_VERSION = 3.0;
				TEST_HOST = "$(BUILT_PRODUCTS_DIR)/KingsDemoNoStoryBoard.app/KingsDemoNoStoryBoard";
			};
			name = Debug;
		};
		73B969001E160E5C000B829C /* Release */ = {
			isa = XCBuildConfiguration;
			buildSettings = {
				ALWAYS_EMBED_SWIFT_STANDARD_LIBRARIES = YES;
				BUNDLE_LOADER = "$(TEST_HOST)";
				DEVELOPMENT_TEAM = V55DNEEJD8;
				INFOPLIST_FILE = KingsDemoNoStoryBoardTests/Info.plist;
				LD_RUNPATH_SEARCH_PATHS = "$(inherited) @executable_path/Frameworks @loader_path/Frameworks";
				PRODUCT_BUNDLE_IDENTIFIER = com.leonchan.KingsDemoNoStoryBoardTests;
				PRODUCT_NAME = "$(TARGET_NAME)";
				SWIFT_VERSION = 3.0;
				TEST_HOST = "$(BUILT_PRODUCTS_DIR)/KingsDemoNoStoryBoard.app/KingsDemoNoStoryBoard";
			};
			name = Release;
		};
		73B969021E160E5C000B829C /* Debug */ = {
			isa = XCBuildConfiguration;
			buildSettings = {
				ALWAYS_EMBED_SWIFT_STANDARD_LIBRARIES = YES;
				DEVELOPMENT_TEAM = V55DNEEJD8;
				INFOPLIST_FILE = KingsDemoNoStoryBoardUITests/Info.plist;
				LD_RUNPATH_SEARCH_PATHS = "$(inherited) @executable_path/Frameworks @loader_path/Frameworks";
				PRODUCT_BUNDLE_IDENTIFIER = com.leonchan.KingsDemoNoStoryBoardUITests;
				PRODUCT_NAME = "$(TARGET_NAME)";
				SWIFT_VERSION = 3.0;
				TEST_TARGET_NAME = KingsDemoNoStoryBoard;
			};
			name = Debug;
		};
		73B969031E160E5C000B829C /* Release */ = {
			isa = XCBuildConfiguration;
			buildSettings = {
				ALWAYS_EMBED_SWIFT_STANDARD_LIBRARIES = YES;
				DEVELOPMENT_TEAM = V55DNEEJD8;
				INFOPLIST_FILE = KingsDemoNoStoryBoardUITests/Info.plist;
				LD_RUNPATH_SEARCH_PATHS = "$(inherited) @executable_path/Frameworks @loader_path/Frameworks";
				PRODUCT_BUNDLE_IDENTIFIER = com.leonchan.KingsDemoNoStoryBoardUITests;
				PRODUCT_NAME = "$(TARGET_NAME)";
				SWIFT_VERSION = 3.0;
				TEST_TARGET_NAME = KingsDemoNoStoryBoard;
			};
			name = Release;
		};
/* End XCBuildConfiguration section */

/* Begin XCConfigurationList section */
		73B968CE1E160E5C000B829C /* Build configuration list for PBXProject "KingsDemoNoStoryBoard" */ = {
			isa = XCConfigurationList;
			buildConfigurations = (
				73B968F91E160E5C000B829C /* Debug */,
				73B968FA1E160E5C000B829C /* Release */,
			);
			defaultConfigurationIsVisible = 0;
			defaultConfigurationName = Release;
		};
		73B968FB1E160E5C000B829C /* Build configuration list for PBXNativeTarget "KingsDemoNoStoryBoard" */ = {
			isa = XCConfigurationList;
			buildConfigurations = (
				73B968FC1E160E5C000B829C /* Debug */,
				73B968FD1E160E5C000B829C /* Release */,
			);
			defaultConfigurationIsVisible = 0;
			defaultConfigurationName = Release;
		};
		73B968FE1E160E5C000B829C /* Build configuration list for PBXNativeTarget "KingsDemoNoStoryBoardTests" */ = {
			isa = XCConfigurationList;
			buildConfigurations = (
				73B968FF1E160E5C000B829C /* Debug */,
				73B969001E160E5C000B829C /* Release */,
			);
			defaultConfigurationIsVisible = 0;
			defaultConfigurationName = Release;
		};
		73B969011E160E5C000B829C /* Build configuration list for PBXNativeTarget "KingsDemoNoStoryBoardUITests" */ = {
			isa = XCConfigurationList;
			buildConfigurations = (
				73B969021E160E5C000B829C /* Debug */,
				73B969031E160E5C000B829C /* Release */,
			);
			defaultConfigurationIsVisible = 0;
			defaultConfigurationName = Release;
		};
/* End XCConfigurationList section */
	};
	rootObject = 73B968CB1E160E5C000B829C /* Project object */;
}
